
Microsoft Visual Studio Solution File, Format Version 12.00
# Visual Studio Version 17
VisualStudioVersion = 17.1.32319.34
MinimumVisualStudioVersion = 10.0.40219.1
Project("{54A90642-561A-4BB1-A94E-469ADEE60C69}") = "SET3-Frontend", "SET3-Frontend\SET3-Frontend.esproj", "{24D7D212-F828-42F5-801A-9246903AADD8}"
	ProjectSection(ProjectDependencies) = postProject
		{5E830923-1FEB-4942-BBAB-D862BBAB2A3E} = {5E830923-1FEB-4942-BBAB-D862BBAB2A3E}
		{89C36A31-B96C-411A-931E-0FFD5C32E309} = {89C36A31-B96C-411A-931E-0FFD5C32E309}
	EndProjectSection
EndProject
Project("{9A19103F-16F7-4668-BE54-9A1E7A4F7556}") = "SET3-Backend", "SET3-Backend\SET3-Backend.csproj", "{5E830923-1FEB-4942-BBAB-D862BBAB2A3E}"
EndProject
Project("{9A19103F-16F7-4668-BE54-9A1E7A4F7556}") = "Testing", "Testing\Testing.csproj", "{89C36A31-B96C-411A-931E-0FFD5C32E309}"
EndProject
Global
	GlobalSection(SolutionConfigurationPlatforms) = preSolution
		Debug|Any CPU = Debug|Any CPU
		Release|Any CPU = Release|Any CPU
	EndGlobalSection
	GlobalSection(ProjectConfigurationPlatforms) = postSolution
		{24D7D212-F828-42F5-801A-9246903AADD8}.Debug|Any CPU.ActiveCfg = Debug|Any CPU
		{24D7D212-F828-42F5-801A-9246903AADD8}.Debug|Any CPU.Build.0 = Debug|Any CPU
		{24D7D212-F828-42F5-801A-9246903AADD8}.Debug|Any CPU.Deploy.0 = Debug|Any CPU
		{24D7D212-F828-42F5-801A-9246903AADD8}.Release|Any CPU.ActiveCfg = Release|Any CPU
		{24D7D212-F828-42F5-801A-9246903AADD8}.Release|Any CPU.Build.0 = Release|Any CPU
		{24D7D212-F828-42F5-801A-9246903AADD8}.Release|Any CPU.Deploy.0 = Release|Any CPU
		{5E830923-1FEB-4942-BBAB-D862BBAB2A3E}.Debug|Any CPU.ActiveCfg = Debug|Any CPU
		{5E830923-1FEB-4942-BBAB-D862BBAB2A3E}.Debug|Any CPU.Build.0 = Debug|Any CPU
		{5E830923-1FEB-4942-BBAB-D862BBAB2A3E}.Release|Any CPU.ActiveCfg = Release|Any CPU
		{5E830923-1FEB-4942-BBAB-D862BBAB2A3E}.Release|Any CPU.Build.0 = Release|Any CPU
		{89C36A31-B96C-411A-931E-0FFD5C32E309}.Debug|Any CPU.ActiveCfg = Debug|Any CPU
		{89C36A31-B96C-411A-931E-0FFD5C32E309}.Debug|Any CPU.Build.0 = Debug|Any CPU
		{89C36A31-B96C-411A-931E-0FFD5C32E309}.Release|Any CPU.ActiveCfg = Release|Any CPU
		{89C36A31-B96C-411A-931E-0FFD5C32E309}.Release|Any CPU.Build.0 = Release|Any CPU
	EndGlobalSection
	GlobalSection(SolutionProperties) = preSolution
		HideSolutionNode = FALSE
	EndGlobalSection
	GlobalSection(ExtensibilityGlobals) = postSolution
		SolutionGuid = {244FCCAA-3406-46FE-B346-3727073E23B7}
	EndGlobalSection
EndGlobal
